Microsoft Visual Studio Solution File, Format Version 9.00
# Visual Studio 2005
Project("{A9579C99-2FCB-404B-BD28-4858F56A8BA4}") = "EM9283_V1", "EM9283_V1\EM9283_V1.pbxml", "{C6478F53-551A-4A2A-A6B2-CD72EAA5D256}"
EndProject
Global
	GlobalSection(SolutionConfigurationPlatforms) = preSolution
		Debug|Platform Builder (_TGTCPU) = Debug|Platform Builder (_TGTCPU)
		EM9280 ARMV4I Debug|Platform Builder (_TGTCPU) = EM9280 ARMV4I Debug|Platform Builder (_TGTCPU)
		EM9280 ARMV4I Release|Platform Builder (_TGTCPU) = EM9280 ARMV4I Release|Platform Builder (_TGTCPU)
		Release|Platform Builder (_TGTCPU) = Release|Platform Builder (_TGTCPU)
	EndGlobalSection
	GlobalSection(ProjectConfigurationPlatforms) = postSolution
		{C6478F53-551A-4A2A-A6B2-CD72EAA5D256}.Debug|Platform Builder (_TGTCPU).ActiveCfg = EM9280 ARMV4I Debug|Platform Builder (_TGTCPU)
		{C6478F53-551A-4A2A-A6B2-CD72EAA5D256}.Debug|Platform Builder (_TGTCPU).Build.0 = EM9280 ARMV4I Debug|Platform Builder (_TGTCPU)
		{C6478F53-551A-4A2A-A6B2-CD72EAA5D256}.EM9280 ARMV4I Debug|Platform Builder (_TGTCPU).ActiveCfg = EM9280 ARMV4I Debug|Platform Builder (_TGTCPU)
		{C6478F53-551A-4A2A-A6B2-CD72EAA5D256}.EM9280 ARMV4I Debug|Platform Builder (_TGTCPU).Build.0 = EM9280 ARMV4I Debug|Platform Builder (_TGTCPU)
		{C6478F53-551A-4A2A-A6B2-CD72EAA5D256}.EM9280 ARMV4I Release|Platform Builder (_TGTCPU).ActiveCfg = EM9280 ARMV4I Release|Platform Builder (_TGTCPU)
		{C6478F53-551A-4A2A-A6B2-CD72EAA5D256}.EM9280 ARMV4I Release|Platform Builder (_TGTCPU).Build.0 = EM9280 ARMV4I Release|Platform Builder (_TGTCPU)
		{C6478F53-551A-4A2A-A6B2-CD72EAA5D256}.Release|Platform Builder (_TGTCPU).ActiveCfg = EM9280 ARMV4I Release|Platform Builder (_TGTCPU)
		{C6478F53-551A-4A2A-A6B2-CD72EAA5D256}.Release|Platform Builder (_TGTCPU).Build.0 = EM9280 ARMV4I Release|Platform Builder (_TGTCPU)
		{E5318D14-8CF3-4C92-A8F8-E3134145BFCD}.Debug|Platform Builder (_TGTCPU).ActiveCfg = Debug|Platform Builder (_TGTCPU)
		{E5318D14-8CF3-4C92-A8F8-E3134145BFCD}.Debug|Platform Builder (_TGTCPU).Deploy.0 = Debug|Platform Builder (_TGTCPU)
		{E5318D14-8CF3-4C92-A8F8-E3134145BFCD}.EM9280 ARMV4I Debug|Platform Builder (_TGTCPU).ActiveCfg = Debug|Platform Builder (_TGTCPU)
		{E5318D14-8CF3-4C92-A8F8-E3134145BFCD}.EM9280 ARMV4I Debug|Platform Builder (_TGTCPU).Deploy.0 = Debug|Platform Builder (_TGTCPU)
		{E5318D14-8CF3-4C92-A8F8-E3134145BFCD}.EM9280 ARMV4I Release|Platform Builder (_TGTCPU).ActiveCfg = Release|Platform Builder (_TGTCPU)
		{E5318D14-8CF3-4C92-A8F8-E3134145BFCD}.EM9280 ARMV4I Release|Platform Builder (_TGTCPU).Deploy.0 = Release|Platform Builder (_TGTCPU)
		{E5318D14-8CF3-4C92-A8F8-E3134145BFCD}.Release|Platform Builder (_TGTCPU).ActiveCfg = Release|Platform Builder (_TGTCPU)
		{E5318D14-8CF3-4C92-A8F8-E3134145BFCD}.Release|Platform Builder (_TGTCPU).Deploy.0 = Release|Platform Builder (_TGTCPU)
		{105F352B-9D80-4749-B669-E65B69DF2761}.Debug|Platform Builder (_TGTCPU).ActiveCfg = Debug|Platform Builder (_TGTCPU)
		{105F352B-9D80-4749-B669-E65B69DF2761}.Debug|Platform Builder (_TGTCPU).Deploy.0 = Debug|Platform Builder (_TGTCPU)
		{105F352B-9D80-4749-B669-E65B69DF2761}.EM9280 ARMV4I Debug|Platform Builder (_TGTCPU).ActiveCfg = Debug|Platform Builder (_TGTCPU)
		{105F352B-9D80-4749-B669-E65B69DF2761}.EM9280 ARMV4I Debug|Platform Builder (_TGTCPU).Deploy.0 = Debug|Platform Builder (_TGTCPU)
		{105F352B-9D80-4749-B669-E65B69DF2761}.EM9280 ARMV4I Release|Platform Builder (_TGTCPU).ActiveCfg = Release|Platform Builder (_TGTCPU)
		{105F352B-9D80-4749-B669-E65B69DF2761}.EM9280 ARMV4I Release|Platform Builder (_TGTCPU).Deploy.0 = Release|Platform Builder (_TGTCPU)
		{105F352B-9D80-4749-B669-E65B69DF2761}.Release|Platform Builder (_TGTCPU).ActiveCfg = Release|Platform Builder (_TGTCPU)
		{105F352B-9D80-4749-B669-E65B69DF2761}.Release|Platform Builder (_TGTCPU).Deploy.0 = Release|Platform Builder (_TGTCPU)
		{0C569194-4725-463C-8ECD-989743429019}.Debug|Platform Builder (_TGTCPU).ActiveCfg = Debug|Platform Builder (_TGTCPU)
		{0C569194-4725-463C-8ECD-989743429019}.Debug|Platform Builder (_TGTCPU).Deploy.0 = Debug|Platform Builder (_TGTCPU)
		{0C569194-4725-463C-8ECD-989743429019}.EM9280 ARMV4I Debug|Platform Builder (_TGTCPU).ActiveCfg = Debug|Platform Builder (_TGTCPU)
		{0C569194-4725-463C-8ECD-989743429019}.EM9280 ARMV4I Debug|Platform Builder (_TGTCPU).Deploy.0 = Debug|Platform Builder (_TGTCPU)
		{0C569194-4725-463C-8ECD-989743429019}.EM9280 ARMV4I Release|Platform Builder (_TGTCPU).ActiveCfg = Release|Platform Builder (_TGTCPU)
		{0C569194-4725-463C-8ECD-989743429019}.EM9280 ARMV4I Release|Platform Builder (_TGTCPU).Deploy.0 = Release|Platform Builder (_TGTCPU)
		{0C569194-4725-463C-8ECD-989743429019}.Release|Platform Builder (_TGTCPU).ActiveCfg = Release|Platform Builder (_TGTCPU)
		{0C569194-4725-463C-8ECD-989743429019}.Release|Platform Builder (_TGTCPU).Deploy.0 = Release|Platform Builder (_TGTCPU)
		{E1CE301D-8DA2-451F-ACEF-1F8918B9E8FF}.Debug|Platform Builder (_TGTCPU).ActiveCfg = Debug|Platform Builder (_TGTCPU)
		{E1CE301D-8DA2-451F-ACEF-1F8918B9E8FF}.Debug|Platform Builder (_TGTCPU).Deploy.0 = Debug|Platform Builder (_TGTCPU)
		{E1CE301D-8DA2-451F-ACEF-1F8918B9E8FF}.EM9280 ARMV4I Debug|Platform Builder (_TGTCPU).ActiveCfg = Debug|Platform Builder (_TGTCPU)
		{E1CE301D-8DA2-451F-ACEF-1F8918B9E8FF}.EM9280 ARMV4I Debug|Platform Builder (_TGTCPU).Deploy.0 = Debug|Platform Builder (_TGTCPU)
		{E1CE301D-8DA2-451F-ACEF-1F8918B9E8FF}.EM9280 ARMV4I Release|Platform Builder (_TGTCPU).ActiveCfg = Release|Platform Builder (_TGTCPU)
		{E1CE301D-8DA2-451F-ACEF-1F8918B9E8FF}.EM9280 ARMV4I Release|Platform Builder (_TGTCPU).Deploy.0 = Release|Platform Builder (_TGTCPU)
		{E1CE301D-8DA2-451F-ACEF-1F8918B9E8FF}.Release|Platform Builder (_TGTCPU).ActiveCfg = Release|Platform Builder (_TGTCPU)
		{E1CE301D-8DA2-451F-ACEF-1F8918B9E8FF}.Release|Platform Builder (_TGTCPU).Deploy.0 = Release|Platform Builder (_TGTCPU)
		{B723EAC8-9240-41DB-98D7-D8DC96A3148D}.Debug|Platform Builder (_TGTCPU).ActiveCfg = Debug|Platform Builder (_TGTCPU)
		{B723EAC8-9240-41DB-98D7-D8DC96A3148D}.Debug|Platform Builder (_TGTCPU).Deploy.0 = Debug|Platform Builder (_TGTCPU)
		{B723EAC8-9240-41DB-98D7-D8DC96A3148D}.EM9280 ARMV4I Debug|Platform Builder (_TGTCPU).ActiveCfg = Debug|Platform Builder (_TGTCPU)
		{B723EAC8-9240-41DB-98D7-D8DC96A3148D}.EM9280 ARMV4I Debug|Platform Builder (_TGTCPU).Deploy.0 = Debug|Platform Builder (_TGTCPU)
		{B723EAC8-9240-41DB-98D7-D8DC96A3148D}.EM9280 ARMV4I Release|Platform Builder (_TGTCPU).ActiveCfg = Release|Platform Builder (_TGTCPU)
		{B723EAC8-9240-41DB-98D7-D8DC96A3148D}.EM9280 ARMV4I Release|Platform Builder (_TGTCPU).Deploy.0 = Release|Platform Builder (_TGTCPU)
		{B723EAC8-9240-41DB-98D7-D8DC96A3148D}.Release|Platform Builder (_TGTCPU).ActiveCfg = Release|Platform Builder (_TGTCPU)
		{B723EAC8-9240-41DB-98D7-D8DC96A3148D}.Release|Platform Builder (_TGTCPU).Deploy.0 = Release|Platform Builder (_TGTCPU)
		{90AFB811-DC18-452E-B609-B5528316B635}.Debug|Platform Builder (_TGTCPU).ActiveCfg = Debug|Platform Builder (_TGTCPU)
		{90AFB811-DC18-452E-B609-B5528316B635}.Debug|Platform Builder (_TGTCPU).Deploy.0 = Debug|Platform Builder (_TGTCPU)
		{90AFB811-DC18-452E-B609-B5528316B635}.EM9280 ARMV4I Debug|Platform Builder (_TGTCPU).ActiveCfg = Debug|Platform Builder (_TGTCPU)
		{90AFB811-DC18-452E-B609-B5528316B635}.EM9280 ARMV4I Debug|Platform Builder (_TGTCPU).Deploy.0 = Debug|Platform Builder (_TGTCPU)
		{90AFB811-DC18-452E-B609-B5528316B635}.EM9280 ARMV4I Release|Platform Builder (_TGTCPU).ActiveCfg = Release|Platform Builder (_TGTCPU)
		{90AFB811-DC18-452E-B609-B5528316B635}.EM9280 ARMV4I Release|Platform Builder (_TGTCPU).Deploy.0 = Release|Platform Builder (_TGTCPU)
		{90AFB811-DC18-452E-B609-B5528316B635}.Release|Platform Builder (_TGTCPU).ActiveCfg = Release|Platform Builder (_TGTCPU)
		{90AFB811-DC18-452E-B609-B5528316B635}.Release|Platform Builder (_TGTCPU).Deploy.0 = Release|Platform Builder (_TGTCPU)
	EndGlobalSection
	GlobalSection(SolutionProperties) = preSolution
		HideSolutionNode = FALSE
	EndGlobalSection
EndGlobal
