
Microsoft Visual Studio Solution File, Format Version 9.00
# Visual Studio 2005
Project("{A9579C99-2FCB-404B-BD28-4858F56A8BA4}") = "EM9280_V2", "EM9280_V2\EM9280_V2.pbxml", "{C6478F53-551A-4A2A-A6B2-CD72EAA5D256}"
EndProject
Global
	GlobalSection(SolutionConfigurationPlatforms) = preSolution
		Debug|Platform Builder (_TGTCPU) = Debug|Platform Builder (_TGTCPU)
		EM9280 ARMV4I Debug|Platform Builder (_TGTCPU) = EM9280 ARMV4I Debug|Platform Builder (_TGTCPU)
		EM9280 ARMV4I Release|Platform Builder (_TGTCPU) = EM9280 ARMV4I Release|Platform Builder (_TGTCPU)
		Release|Platform Builder (_TGTCPU) = Release|Platform Builder (_TGTCPU)
	EndGlobalSection
	GlobalSection(ProjectConfigurationPlatforms) = postSolution
		{C6478F53-551A-4A2A-A6B2-CD72EAA5D256}.Debug|Platform Builder (_TGTCPU).ActiveCfg = EM9280 ARMV4I Debug|Platform Builder (_TGTCPU)
		{C6478F53-551A-4A2A-A6B2-CD72EAA5D256}.Debug|Platform Builder (_TGTCPU).Build.0 = EM9280 ARMV4I Debug|Platform Builder (_TGTCPU)
		{C6478F53-551A-4A2A-A6B2-CD72EAA5D256}.EM9280 ARMV4I Debug|Platform Builder (_TGTCPU).ActiveCfg = EM9280 ARMV4I Debug|Platform Builder (_TGTCPU)
		{C6478F53-551A-4A2A-A6B2-CD72EAA5D256}.EM9280 ARMV4I Debug|Platform Builder (_TGTCPU).Build.0 = EM9280 ARMV4I Debug|Platform Builder (_TGTCPU)
		{C6478F53-551A-4A2A-A6B2-CD72EAA5D256}.EM9280 ARMV4I Release|Platform Builder (_TGTCPU).ActiveCfg = EM9280 ARMV4I Release|Platform Builder (_TGTCPU)
		{C6478F53-551A-4A2A-A6B2-CD72EAA5D256}.EM9280 ARMV4I Release|Platform Builder (_TGTCPU).Build.0 = EM9280 ARMV4I Release|Platform Builder (_TGTCPU)
		{C6478F53-551A-4A2A-A6B2-CD72EAA5D256}.Release|Platform Builder (_TGTCPU).ActiveCfg = EM9280 ARMV4I Release|Platform Builder (_TGTCPU)
		{C6478F53-551A-4A2A-A6B2-CD72EAA5D256}.Release|Platform Builder (_TGTCPU).Build.0 = EM9280 ARMV4I Release|Platform Builder (_TGTCPU)
		{FEB0D457-7AF9-44EC-8509-6047AA134F3D}.Debug|Platform Builder (_TGTCPU).ActiveCfg = Debug|Platform Builder (_TGTCPU)
		{FEB0D457-7AF9-44EC-8509-6047AA134F3D}.Debug|Platform Builder (_TGTCPU).Deploy.0 = Debug|Platform Builder (_TGTCPU)
		{FEB0D457-7AF9-44EC-8509-6047AA134F3D}.EM9280 ARMV4I Debug|Platform Builder (_TGTCPU).ActiveCfg = Debug|Platform Builder (_TGTCPU)
		{FEB0D457-7AF9-44EC-8509-6047AA134F3D}.EM9280 ARMV4I Debug|Platform Builder (_TGTCPU).Deploy.0 = Debug|Platform Builder (_TGTCPU)
		{FEB0D457-7AF9-44EC-8509-6047AA134F3D}.EM9280 ARMV4I Release|Platform Builder (_TGTCPU).ActiveCfg = Release|Platform Builder (_TGTCPU)
		{FEB0D457-7AF9-44EC-8509-6047AA134F3D}.EM9280 ARMV4I Release|Platform Builder (_TGTCPU).Deploy.0 = Release|Platform Builder (_TGTCPU)
		{FEB0D457-7AF9-44EC-8509-6047AA134F3D}.Release|Platform Builder (_TGTCPU).ActiveCfg = Release|Platform Builder (_TGTCPU)
		{FEB0D457-7AF9-44EC-8509-6047AA134F3D}.Release|Platform Builder (_TGTCPU).Deploy.0 = Release|Platform Builder (_TGTCPU)
		{F1C88404-B31D-4605-9CBE-42CAD3402EB9}.Debug|Platform Builder (_TGTCPU).ActiveCfg = Debug|Platform Builder (_TGTCPU)
		{F1C88404-B31D-4605-9CBE-42CAD3402EB9}.Debug|Platform Builder (_TGTCPU).Deploy.0 = Debug|Platform Builder (_TGTCPU)
		{F1C88404-B31D-4605-9CBE-42CAD3402EB9}.EM9280 ARMV4I Debug|Platform Builder (_TGTCPU).ActiveCfg = Debug|Platform Builder (_TGTCPU)
		{F1C88404-B31D-4605-9CBE-42CAD3402EB9}.EM9280 ARMV4I Debug|Platform Builder (_TGTCPU).Deploy.0 = Debug|Platform Builder (_TGTCPU)
		{F1C88404-B31D-4605-9CBE-42CAD3402EB9}.EM9280 ARMV4I Release|Platform Builder (_TGTCPU).ActiveCfg = Release|Platform Builder (_TGTCPU)
		{F1C88404-B31D-4605-9CBE-42CAD3402EB9}.EM9280 ARMV4I Release|Platform Builder (_TGTCPU).Deploy.0 = Release|Platform Builder (_TGTCPU)
		{F1C88404-B31D-4605-9CBE-42CAD3402EB9}.Release|Platform Builder (_TGTCPU).ActiveCfg = Release|Platform Builder (_TGTCPU)
		{F1C88404-B31D-4605-9CBE-42CAD3402EB9}.Release|Platform Builder (_TGTCPU).Deploy.0 = Release|Platform Builder (_TGTCPU)
		{A1E15DD8-ED03-4A9A-A1A4-A575FDD9F5CF}.Debug|Platform Builder (_TGTCPU).ActiveCfg = Debug|Platform Builder (_TGTCPU)
		{A1E15DD8-ED03-4A9A-A1A4-A575FDD9F5CF}.Debug|Platform Builder (_TGTCPU).Deploy.0 = Debug|Platform Builder (_TGTCPU)
		{A1E15DD8-ED03-4A9A-A1A4-A575FDD9F5CF}.EM9280 ARMV4I Debug|Platform Builder (_TGTCPU).ActiveCfg = Debug|Platform Builder (_TGTCPU)
		{A1E15DD8-ED03-4A9A-A1A4-A575FDD9F5CF}.EM9280 ARMV4I Debug|Platform Builder (_TGTCPU).Deploy.0 = Debug|Platform Builder (_TGTCPU)
		{A1E15DD8-ED03-4A9A-A1A4-A575FDD9F5CF}.EM9280 ARMV4I Release|Platform Builder (_TGTCPU).ActiveCfg = Release|Platform Builder (_TGTCPU)
		{A1E15DD8-ED03-4A9A-A1A4-A575FDD9F5CF}.EM9280 ARMV4I Release|Platform Builder (_TGTCPU).Deploy.0 = Release|Platform Builder (_TGTCPU)
		{A1E15DD8-ED03-4A9A-A1A4-A575FDD9F5CF}.Release|Platform Builder (_TGTCPU).ActiveCfg = Release|Platform Builder (_TGTCPU)
		{A1E15DD8-ED03-4A9A-A1A4-A575FDD9F5CF}.Release|Platform Builder (_TGTCPU).Deploy.0 = Release|Platform Builder (_TGTCPU)
		{81A79479-3C71-4901-BFBF-23529F3EDA6F}.Debug|Platform Builder (_TGTCPU).ActiveCfg = Debug|Platform Builder (_TGTCPU)
		{81A79479-3C71-4901-BFBF-23529F3EDA6F}.Debug|Platform Builder (_TGTCPU).Deploy.0 = Debug|Platform Builder (_TGTCPU)
		{81A79479-3C71-4901-BFBF-23529F3EDA6F}.EM9280 ARMV4I Debug|Platform Builder (_TGTCPU).ActiveCfg = Debug|Platform Builder (_TGTCPU)
		{81A79479-3C71-4901-BFBF-23529F3EDA6F}.EM9280 ARMV4I Debug|Platform Builder (_TGTCPU).Deploy.0 = Debug|Platform Builder (_TGTCPU)
		{81A79479-3C71-4901-BFBF-23529F3EDA6F}.EM9280 ARMV4I Release|Platform Builder (_TGTCPU).ActiveCfg = Release|Platform Builder (_TGTCPU)
		{81A79479-3C71-4901-BFBF-23529F3EDA6F}.EM9280 ARMV4I Release|Platform Builder (_TGTCPU).Deploy.0 = Release|Platform Builder (_TGTCPU)
		{81A79479-3C71-4901-BFBF-23529F3EDA6F}.Release|Platform Builder (_TGTCPU).ActiveCfg = Release|Platform Builder (_TGTCPU)
		{81A79479-3C71-4901-BFBF-23529F3EDA6F}.Release|Platform Builder (_TGTCPU).Deploy.0 = Release|Platform Builder (_TGTCPU)
		{ABB6F8FC-6D7B-4242-ADD9-34DA78894B8B}.Debug|Platform Builder (_TGTCPU).ActiveCfg = Debug|Platform Builder (_TGTCPU)
		{ABB6F8FC-6D7B-4242-ADD9-34DA78894B8B}.Debug|Platform Builder (_TGTCPU).Deploy.0 = Debug|Platform Builder (_TGTCPU)
		{ABB6F8FC-6D7B-4242-ADD9-34DA78894B8B}.EM9280 ARMV4I Debug|Platform Builder (_TGTCPU).ActiveCfg = Debug|Platform Builder (_TGTCPU)
		{ABB6F8FC-6D7B-4242-ADD9-34DA78894B8B}.EM9280 ARMV4I Debug|Platform Builder (_TGTCPU).Deploy.0 = Debug|Platform Builder (_TGTCPU)
		{ABB6F8FC-6D7B-4242-ADD9-34DA78894B8B}.EM9280 ARMV4I Release|Platform Builder (_TGTCPU).ActiveCfg = Release|Platform Builder (_TGTCPU)
		{ABB6F8FC-6D7B-4242-ADD9-34DA78894B8B}.EM9280 ARMV4I Release|Platform Builder (_TGTCPU).Deploy.0 = Release|Platform Builder (_TGTCPU)
		{ABB6F8FC-6D7B-4242-ADD9-34DA78894B8B}.Release|Platform Builder (_TGTCPU).ActiveCfg = Release|Platform Builder (_TGTCPU)
		{ABB6F8FC-6D7B-4242-ADD9-34DA78894B8B}.Release|Platform Builder (_TGTCPU).Deploy.0 = Release|Platform Builder (_TGTCPU)
		{606425D1-2699-4C71-9C03-E26D479C9297}.Debug|Platform Builder (_TGTCPU).ActiveCfg = Debug|Platform Builder (_TGTCPU)
		{606425D1-2699-4C71-9C03-E26D479C9297}.Debug|Platform Builder (_TGTCPU).Deploy.0 = Debug|Platform Builder (_TGTCPU)
		{606425D1-2699-4C71-9C03-E26D479C9297}.EM9280 ARMV4I Debug|Platform Builder (_TGTCPU).ActiveCfg = Debug|Platform Builder (_TGTCPU)
		{606425D1-2699-4C71-9C03-E26D479C9297}.EM9280 ARMV4I Debug|Platform Builder (_TGTCPU).Deploy.0 = Debug|Platform Builder (_TGTCPU)
		{606425D1-2699-4C71-9C03-E26D479C9297}.EM9280 ARMV4I Release|Platform Builder (_TGTCPU).ActiveCfg = Release|Platform Builder (_TGTCPU)
		{606425D1-2699-4C71-9C03-E26D479C9297}.EM9280 ARMV4I Release|Platform Builder (_TGTCPU).Deploy.0 = Release|Platform Builder (_TGTCPU)
		{606425D1-2699-4C71-9C03-E26D479C9297}.Release|Platform Builder (_TGTCPU).ActiveCfg = Release|Platform Builder (_TGTCPU)
		{606425D1-2699-4C71-9C03-E26D479C9297}.Release|Platform Builder (_TGTCPU).Deploy.0 = Release|Platform Builder (_TGTCPU)
		{04E082D2-7D5F-49BB-A684-B20D9170CF4C}.Debug|Platform Builder (_TGTCPU).ActiveCfg = Debug|Platform Builder (_TGTCPU)
		{04E082D2-7D5F-49BB-A684-B20D9170CF4C}.Debug|Platform Builder (_TGTCPU).Deploy.0 = Debug|Platform Builder (_TGTCPU)
		{04E082D2-7D5F-49BB-A684-B20D9170CF4C}.EM9280 ARMV4I Debug|Platform Builder (_TGTCPU).ActiveCfg = Debug|Platform Builder (_TGTCPU)
		{04E082D2-7D5F-49BB-A684-B20D9170CF4C}.EM9280 ARMV4I Debug|Platform Builder (_TGTCPU).Deploy.0 = Debug|Platform Builder (_TGTCPU)
		{04E082D2-7D5F-49BB-A684-B20D9170CF4C}.EM9280 ARMV4I Release|Platform Builder (_TGTCPU).ActiveCfg = Release|Platform Builder (_TGTCPU)
		{04E082D2-7D5F-49BB-A684-B20D9170CF4C}.EM9280 ARMV4I Release|Platform Builder (_TGTCPU).Deploy.0 = Release|Platform Builder (_TGTCPU)
		{04E082D2-7D5F-49BB-A684-B20D9170CF4C}.Release|Platform Builder (_TGTCPU).ActiveCfg = Release|Platform Builder (_TGTCPU)
		{04E082D2-7D5F-49BB-A684-B20D9170CF4C}.Release|Platform Builder (_TGTCPU).Deploy.0 = Release|Platform Builder (_TGTCPU)
		{A8C21607-0C8C-4961-9EDB-BED0D7EFBB7C}.Debug|Platform Builder (_TGTCPU).ActiveCfg = Debug|Platform Builder (_TGTCPU)
		{A8C21607-0C8C-4961-9EDB-BED0D7EFBB7C}.Debug|Platform Builder (_TGTCPU).Deploy.0 = Debug|Platform Builder (_TGTCPU)
		{A8C21607-0C8C-4961-9EDB-BED0D7EFBB7C}.EM9280 ARMV4I Debug|Platform Builder (_TGTCPU).ActiveCfg = Debug|Platform Builder (_TGTCPU)
		{A8C21607-0C8C-4961-9EDB-BED0D7EFBB7C}.EM9280 ARMV4I Debug|Platform Builder (_TGTCPU).Deploy.0 = Debug|Platform Builder (_TGTCPU)
		{A8C21607-0C8C-4961-9EDB-BED0D7EFBB7C}.EM9280 ARMV4I Release|Platform Builder (_TGTCPU).ActiveCfg = Release|Platform Builder (_TGTCPU)
		{A8C21607-0C8C-4961-9EDB-BED0D7EFBB7C}.EM9280 ARMV4I Release|Platform Builder (_TGTCPU).Deploy.0 = Release|Platform Builder (_TGTCPU)
		{A8C21607-0C8C-4961-9EDB-BED0D7EFBB7C}.Release|Platform Builder (_TGTCPU).ActiveCfg = Release|Platform Builder (_TGTCPU)
		{A8C21607-0C8C-4961-9EDB-BED0D7EFBB7C}.Release|Platform Builder (_TGTCPU).Deploy.0 = Release|Platform Builder (_TGTCPU)
	EndGlobalSection
	GlobalSection(SolutionProperties) = preSolution
		HideSolutionNode = FALSE
	EndGlobalSection
EndGlobal
