
Microsoft Visual Studio Solution File, Format Version 9.00
# Visual Studio 2005
Project("{A9579C99-2FCB-404B-BD28-4858F56A8BA4}") = "EM9170_V1", "EM9170_V1\EM9170_V1.pbxml", "{2F147A9C-25FF-4A46-A777-060EF31D4454}"
EndProject
Global
	GlobalSection(SolutionConfigurationPlatforms) = preSolution
		Debug|Platform Builder (_TGTCPU) = Debug|Platform Builder (_TGTCPU)
		EM9170 ARMV4I Debug|Platform Builder (_TGTCPU) = EM9170 ARMV4I Debug|Platform Builder (_TGTCPU)
		EM9170 ARMV4I Release|Platform Builder (_TGTCPU) = EM9170 ARMV4I Release|Platform Builder (_TGTCPU)
		Release|Platform Builder (_TGTCPU) = Release|Platform Builder (_TGTCPU)
	EndGlobalSection
	GlobalSection(ProjectConfigurationPlatforms) = postSolution
		{2F147A9C-25FF-4A46-A777-060EF31D4454}.Debug|Platform Builder (_TGTCPU).ActiveCfg = EM9170 ARMV4I Debug|Platform Builder (_TGTCPU)
		{2F147A9C-25FF-4A46-A777-060EF31D4454}.Debug|Platform Builder (_TGTCPU).Build.0 = EM9170 ARMV4I Debug|Platform Builder (_TGTCPU)
		{2F147A9C-25FF-4A46-A777-060EF31D4454}.EM9170 ARMV4I Debug|Platform Builder (_TGTCPU).ActiveCfg = EM9170 ARMV4I Debug|Platform Builder (_TGTCPU)
		{2F147A9C-25FF-4A46-A777-060EF31D4454}.EM9170 ARMV4I Debug|Platform Builder (_TGTCPU).Build.0 = EM9170 ARMV4I Debug|Platform Builder (_TGTCPU)
		{2F147A9C-25FF-4A46-A777-060EF31D4454}.EM9170 ARMV4I Release|Platform Builder (_TGTCPU).ActiveCfg = EM9170 ARMV4I Release|Platform Builder (_TGTCPU)
		{2F147A9C-25FF-4A46-A777-060EF31D4454}.EM9170 ARMV4I Release|Platform Builder (_TGTCPU).Build.0 = EM9170 ARMV4I Release|Platform Builder (_TGTCPU)
		{2F147A9C-25FF-4A46-A777-060EF31D4454}.Release|Platform Builder (_TGTCPU).ActiveCfg = EM9170 ARMV4I Release|Platform Builder (_TGTCPU)
		{2F147A9C-25FF-4A46-A777-060EF31D4454}.Release|Platform Builder (_TGTCPU).Build.0 = EM9170 ARMV4I Release|Platform Builder (_TGTCPU)
		{52CBE92C-872E-42B7-94CA-F1E56C629CBD}.Debug|Platform Builder (_TGTCPU).ActiveCfg = Debug|Platform Builder (_TGTCPU)
		{52CBE92C-872E-42B7-94CA-F1E56C629CBD}.Debug|Platform Builder (_TGTCPU).Deploy.0 = Debug|Platform Builder (_TGTCPU)
		{52CBE92C-872E-42B7-94CA-F1E56C629CBD}.EM9170 ARMV4I Debug|Platform Builder (_TGTCPU).ActiveCfg = Debug|Platform Builder (_TGTCPU)
		{52CBE92C-872E-42B7-94CA-F1E56C629CBD}.EM9170 ARMV4I Debug|Platform Builder (_TGTCPU).Deploy.0 = Debug|Platform Builder (_TGTCPU)
		{52CBE92C-872E-42B7-94CA-F1E56C629CBD}.EM9170 ARMV4I Release|Platform Builder (_TGTCPU).ActiveCfg = Release|Platform Builder (_TGTCPU)
		{52CBE92C-872E-42B7-94CA-F1E56C629CBD}.EM9170 ARMV4I Release|Platform Builder (_TGTCPU).Deploy.0 = Release|Platform Builder (_TGTCPU)
		{52CBE92C-872E-42B7-94CA-F1E56C629CBD}.Release|Platform Builder (_TGTCPU).ActiveCfg = Release|Platform Builder (_TGTCPU)
		{52CBE92C-872E-42B7-94CA-F1E56C629CBD}.Release|Platform Builder (_TGTCPU).Deploy.0 = Release|Platform Builder (_TGTCPU)
		{32347AD8-E448-49A2-9F9F-C6A4333195B3}.Debug|Platform Builder (_TGTCPU).ActiveCfg = Debug|Platform Builder (_TGTCPU)
		{32347AD8-E448-49A2-9F9F-C6A4333195B3}.Debug|Platform Builder (_TGTCPU).Deploy.0 = Debug|Platform Builder (_TGTCPU)
		{32347AD8-E448-49A2-9F9F-C6A4333195B3}.EM9170 ARMV4I Debug|Platform Builder (_TGTCPU).ActiveCfg = Debug|Platform Builder (_TGTCPU)
		{32347AD8-E448-49A2-9F9F-C6A4333195B3}.EM9170 ARMV4I Debug|Platform Builder (_TGTCPU).Deploy.0 = Debug|Platform Builder (_TGTCPU)
		{32347AD8-E448-49A2-9F9F-C6A4333195B3}.EM9170 ARMV4I Release|Platform Builder (_TGTCPU).ActiveCfg = Release|Platform Builder (_TGTCPU)
		{32347AD8-E448-49A2-9F9F-C6A4333195B3}.EM9170 ARMV4I Release|Platform Builder (_TGTCPU).Deploy.0 = Release|Platform Builder (_TGTCPU)
		{32347AD8-E448-49A2-9F9F-C6A4333195B3}.Release|Platform Builder (_TGTCPU).ActiveCfg = Release|Platform Builder (_TGTCPU)
		{32347AD8-E448-49A2-9F9F-C6A4333195B3}.Release|Platform Builder (_TGTCPU).Deploy.0 = Release|Platform Builder (_TGTCPU)
		{BF04394B-4995-4FB9-A843-D4F1F797E482}.Debug|Platform Builder (_TGTCPU).ActiveCfg = Debug|Platform Builder (_TGTCPU)
		{BF04394B-4995-4FB9-A843-D4F1F797E482}.Debug|Platform Builder (_TGTCPU).Deploy.0 = Debug|Platform Builder (_TGTCPU)
		{BF04394B-4995-4FB9-A843-D4F1F797E482}.EM9170 ARMV4I Debug|Platform Builder (_TGTCPU).ActiveCfg = Debug|Platform Builder (_TGTCPU)
		{BF04394B-4995-4FB9-A843-D4F1F797E482}.EM9170 ARMV4I Debug|Platform Builder (_TGTCPU).Deploy.0 = Debug|Platform Builder (_TGTCPU)
		{BF04394B-4995-4FB9-A843-D4F1F797E482}.EM9170 ARMV4I Release|Platform Builder (_TGTCPU).ActiveCfg = Release|Platform Builder (_TGTCPU)
		{BF04394B-4995-4FB9-A843-D4F1F797E482}.EM9170 ARMV4I Release|Platform Builder (_TGTCPU).Deploy.0 = Release|Platform Builder (_TGTCPU)
		{BF04394B-4995-4FB9-A843-D4F1F797E482}.Release|Platform Builder (_TGTCPU).ActiveCfg = Release|Platform Builder (_TGTCPU)
		{BF04394B-4995-4FB9-A843-D4F1F797E482}.Release|Platform Builder (_TGTCPU).Deploy.0 = Release|Platform Builder (_TGTCPU)
		{36CEC949-DDF9-412D-9E33-3FA73913DF56}.Debug|Platform Builder (_TGTCPU).ActiveCfg = Debug|Platform Builder (_TGTCPU)
		{36CEC949-DDF9-412D-9E33-3FA73913DF56}.Debug|Platform Builder (_TGTCPU).Deploy.0 = Debug|Platform Builder (_TGTCPU)
		{36CEC949-DDF9-412D-9E33-3FA73913DF56}.EM9170 ARMV4I Debug|Platform Builder (_TGTCPU).ActiveCfg = Debug|Platform Builder (_TGTCPU)
		{36CEC949-DDF9-412D-9E33-3FA73913DF56}.EM9170 ARMV4I Debug|Platform Builder (_TGTCPU).Deploy.0 = Debug|Platform Builder (_TGTCPU)
		{36CEC949-DDF9-412D-9E33-3FA73913DF56}.EM9170 ARMV4I Release|Platform Builder (_TGTCPU).ActiveCfg = Release|Platform Builder (_TGTCPU)
		{36CEC949-DDF9-412D-9E33-3FA73913DF56}.EM9170 ARMV4I Release|Platform Builder (_TGTCPU).Deploy.0 = Release|Platform Builder (_TGTCPU)
		{36CEC949-DDF9-412D-9E33-3FA73913DF56}.Release|Platform Builder (_TGTCPU).ActiveCfg = Release|Platform Builder (_TGTCPU)
		{36CEC949-DDF9-412D-9E33-3FA73913DF56}.Release|Platform Builder (_TGTCPU).Deploy.0 = Release|Platform Builder (_TGTCPU)
		{D1FD880A-4DEA-46E7-B0CC-C159F289E705}.Debug|Platform Builder (_TGTCPU).ActiveCfg = Debug|Platform Builder (_TGTCPU)
		{D1FD880A-4DEA-46E7-B0CC-C159F289E705}.Debug|Platform Builder (_TGTCPU).Deploy.0 = Debug|Platform Builder (_TGTCPU)
		{D1FD880A-4DEA-46E7-B0CC-C159F289E705}.EM9170 ARMV4I Debug|Platform Builder (_TGTCPU).ActiveCfg = Debug|Platform Builder (_TGTCPU)
		{D1FD880A-4DEA-46E7-B0CC-C159F289E705}.EM9170 ARMV4I Debug|Platform Builder (_TGTCPU).Deploy.0 = Debug|Platform Builder (_TGTCPU)
		{D1FD880A-4DEA-46E7-B0CC-C159F289E705}.EM9170 ARMV4I Release|Platform Builder (_TGTCPU).ActiveCfg = Release|Platform Builder (_TGTCPU)
		{D1FD880A-4DEA-46E7-B0CC-C159F289E705}.EM9170 ARMV4I Release|Platform Builder (_TGTCPU).Deploy.0 = Release|Platform Builder (_TGTCPU)
		{D1FD880A-4DEA-46E7-B0CC-C159F289E705}.Release|Platform Builder (_TGTCPU).ActiveCfg = Release|Platform Builder (_TGTCPU)
		{D1FD880A-4DEA-46E7-B0CC-C159F289E705}.Release|Platform Builder (_TGTCPU).Deploy.0 = Release|Platform Builder (_TGTCPU)
		{4B62664D-6EB7-4169-80CA-69B6EC8AF80C}.Debug|Platform Builder (_TGTCPU).ActiveCfg = Debug|Platform Builder (_TGTCPU)
		{4B62664D-6EB7-4169-80CA-69B6EC8AF80C}.Debug|Platform Builder (_TGTCPU).Deploy.0 = Debug|Platform Builder (_TGTCPU)
		{4B62664D-6EB7-4169-80CA-69B6EC8AF80C}.EM9170 ARMV4I Debug|Platform Builder (_TGTCPU).ActiveCfg = Debug|Platform Builder (_TGTCPU)
		{4B62664D-6EB7-4169-80CA-69B6EC8AF80C}.EM9170 ARMV4I Debug|Platform Builder (_TGTCPU).Deploy.0 = Debug|Platform Builder (_TGTCPU)
		{4B62664D-6EB7-4169-80CA-69B6EC8AF80C}.EM9170 ARMV4I Release|Platform Builder (_TGTCPU).ActiveCfg = Release|Platform Builder (_TGTCPU)
		{4B62664D-6EB7-4169-80CA-69B6EC8AF80C}.EM9170 ARMV4I Release|Platform Builder (_TGTCPU).Deploy.0 = Release|Platform Builder (_TGTCPU)
		{4B62664D-6EB7-4169-80CA-69B6EC8AF80C}.Release|Platform Builder (_TGTCPU).ActiveCfg = Release|Platform Builder (_TGTCPU)
		{4B62664D-6EB7-4169-80CA-69B6EC8AF80C}.Release|Platform Builder (_TGTCPU).Deploy.0 = Release|Platform Builder (_TGTCPU)
		{15B9E6A4-9C34-4524-A347-B97395E257C4}.Debug|Platform Builder (_TGTCPU).ActiveCfg = Debug|Platform Builder (_TGTCPU)
		{15B9E6A4-9C34-4524-A347-B97395E257C4}.Debug|Platform Builder (_TGTCPU).Deploy.0 = Debug|Platform Builder (_TGTCPU)
		{15B9E6A4-9C34-4524-A347-B97395E257C4}.EM9170 ARMV4I Debug|Platform Builder (_TGTCPU).ActiveCfg = Debug|Platform Builder (_TGTCPU)
		{15B9E6A4-9C34-4524-A347-B97395E257C4}.EM9170 ARMV4I Debug|Platform Builder (_TGTCPU).Deploy.0 = Debug|Platform Builder (_TGTCPU)
		{15B9E6A4-9C34-4524-A347-B97395E257C4}.EM9170 ARMV4I Release|Platform Builder (_TGTCPU).ActiveCfg = Release|Platform Builder (_TGTCPU)
		{15B9E6A4-9C34-4524-A347-B97395E257C4}.EM9170 ARMV4I Release|Platform Builder (_TGTCPU).Deploy.0 = Release|Platform Builder (_TGTCPU)
		{15B9E6A4-9C34-4524-A347-B97395E257C4}.Release|Platform Builder (_TGTCPU).ActiveCfg = Release|Platform Builder (_TGTCPU)
		{15B9E6A4-9C34-4524-A347-B97395E257C4}.Release|Platform Builder (_TGTCPU).Deploy.0 = Release|Platform Builder (_TGTCPU)
		{D389EADC-377B-42B2-840B-8022F7B4949A}.Debug|Platform Builder (_TGTCPU).ActiveCfg = Debug|Platform Builder (_TGTCPU)
		{D389EADC-377B-42B2-840B-8022F7B4949A}.Debug|Platform Builder (_TGTCPU).Deploy.0 = Debug|Platform Builder (_TGTCPU)
		{D389EADC-377B-42B2-840B-8022F7B4949A}.EM9170 ARMV4I Debug|Platform Builder (_TGTCPU).ActiveCfg = Debug|Platform Builder (_TGTCPU)
		{D389EADC-377B-42B2-840B-8022F7B4949A}.EM9170 ARMV4I Debug|Platform Builder (_TGTCPU).Deploy.0 = Debug|Platform Builder (_TGTCPU)
		{D389EADC-377B-42B2-840B-8022F7B4949A}.EM9170 ARMV4I Release|Platform Builder (_TGTCPU).ActiveCfg = Release|Platform Builder (_TGTCPU)
		{D389EADC-377B-42B2-840B-8022F7B4949A}.EM9170 ARMV4I Release|Platform Builder (_TGTCPU).Deploy.0 = Release|Platform Builder (_TGTCPU)
		{D389EADC-377B-42B2-840B-8022F7B4949A}.Release|Platform Builder (_TGTCPU).ActiveCfg = Release|Platform Builder (_TGTCPU)
		{D389EADC-377B-42B2-840B-8022F7B4949A}.Release|Platform Builder (_TGTCPU).Deploy.0 = Release|Platform Builder (_TGTCPU)
		{F6762CBF-4AF1-4300-96D9-0F158AFF75D2}.Debug|Platform Builder (_TGTCPU).ActiveCfg = Debug|Platform Builder (_TGTCPU)
		{F6762CBF-4AF1-4300-96D9-0F158AFF75D2}.Debug|Platform Builder (_TGTCPU).Deploy.0 = Debug|Platform Builder (_TGTCPU)
		{F6762CBF-4AF1-4300-96D9-0F158AFF75D2}.EM9170 ARMV4I Debug|Platform Builder (_TGTCPU).ActiveCfg = Debug|Platform Builder (_TGTCPU)
		{F6762CBF-4AF1-4300-96D9-0F158AFF75D2}.EM9170 ARMV4I Debug|Platform Builder (_TGTCPU).Deploy.0 = Debug|Platform Builder (_TGTCPU)
		{F6762CBF-4AF1-4300-96D9-0F158AFF75D2}.EM9170 ARMV4I Release|Platform Builder (_TGTCPU).ActiveCfg = Release|Platform Builder (_TGTCPU)
		{F6762CBF-4AF1-4300-96D9-0F158AFF75D2}.EM9170 ARMV4I Release|Platform Builder (_TGTCPU).Deploy.0 = Release|Platform Builder (_TGTCPU)
		{F6762CBF-4AF1-4300-96D9-0F158AFF75D2}.Release|Platform Builder (_TGTCPU).ActiveCfg = Release|Platform Builder (_TGTCPU)
		{F6762CBF-4AF1-4300-96D9-0F158AFF75D2}.Release|Platform Builder (_TGTCPU).Deploy.0 = Release|Platform Builder (_TGTCPU)
	EndGlobalSection
	GlobalSection(SolutionProperties) = preSolution
		HideSolutionNode = FALSE
	EndGlobalSection
EndGlobal
