Microsoft Visual Studio Solution File, Format Version 9.00
# Visual Studio 2005
Project("{A9579C99-2FCB-404B-BD28-4858F56A8BA4}") = "EM9283_V1_TFT", "EM9283_V1_TFT\EM9283_V1_TFT.pbxml", "{C6478F53-551A-4A2A-A6B2-CD72EAA5D256}"
EndProject
Global
	GlobalSection(SolutionConfigurationPlatforms) = preSolution
		Debug|Platform Builder (_TGTCPU) = Debug|Platform Builder (_TGTCPU)
		EM9280 ARMV4I Debug|Platform Builder (_TGTCPU) = EM9280 ARMV4I Debug|Platform Builder (_TGTCPU)
		EM9280 ARMV4I Release|Platform Builder (_TGTCPU) = EM9280 ARMV4I Release|Platform Builder (_TGTCPU)
		Release|Platform Builder (_TGTCPU) = Release|Platform Builder (_TGTCPU)
	EndGlobalSection
	GlobalSection(ProjectConfigurationPlatforms) = postSolution
		{C6478F53-551A-4A2A-A6B2-CD72EAA5D256}.Debug|Platform Builder (_TGTCPU).ActiveCfg = EM9280 ARMV4I Debug|Platform Builder (_TGTCPU)
		{C6478F53-551A-4A2A-A6B2-CD72EAA5D256}.Debug|Platform Builder (_TGTCPU).Build.0 = EM9280 ARMV4I Debug|Platform Builder (_TGTCPU)
		{C6478F53-551A-4A2A-A6B2-CD72EAA5D256}.EM9280 ARMV4I Debug|Platform Builder (_TGTCPU).ActiveCfg = EM9280 ARMV4I Debug|Platform Builder (_TGTCPU)
		{C6478F53-551A-4A2A-A6B2-CD72EAA5D256}.EM9280 ARMV4I Debug|Platform Builder (_TGTCPU).Build.0 = EM9280 ARMV4I Debug|Platform Builder (_TGTCPU)
		{C6478F53-551A-4A2A-A6B2-CD72EAA5D256}.EM9280 ARMV4I Release|Platform Builder (_TGTCPU).ActiveCfg = EM9280 ARMV4I Release|Platform Builder (_TGTCPU)
		{C6478F53-551A-4A2A-A6B2-CD72EAA5D256}.EM9280 ARMV4I Release|Platform Builder (_TGTCPU).Build.0 = EM9280 ARMV4I Release|Platform Builder (_TGTCPU)
		{C6478F53-551A-4A2A-A6B2-CD72EAA5D256}.Release|Platform Builder (_TGTCPU).ActiveCfg = EM9280 ARMV4I Release|Platform Builder (_TGTCPU)
		{C6478F53-551A-4A2A-A6B2-CD72EAA5D256}.Release|Platform Builder (_TGTCPU).Build.0 = EM9280 ARMV4I Release|Platform Builder (_TGTCPU)
		{6DFD497A-6C0F-46F2-A9F8-B2A78FC7B4EA}.Debug|Platform Builder (_TGTCPU).ActiveCfg = Debug|Platform Builder (_TGTCPU)
		{6DFD497A-6C0F-46F2-A9F8-B2A78FC7B4EA}.Debug|Platform Builder (_TGTCPU).Deploy.0 = Debug|Platform Builder (_TGTCPU)
		{6DFD497A-6C0F-46F2-A9F8-B2A78FC7B4EA}.EM9280 ARMV4I Debug|Platform Builder (_TGTCPU).ActiveCfg = Debug|Platform Builder (_TGTCPU)
		{6DFD497A-6C0F-46F2-A9F8-B2A78FC7B4EA}.EM9280 ARMV4I Debug|Platform Builder (_TGTCPU).Deploy.0 = Debug|Platform Builder (_TGTCPU)
		{6DFD497A-6C0F-46F2-A9F8-B2A78FC7B4EA}.EM9280 ARMV4I Release|Platform Builder (_TGTCPU).ActiveCfg = Release|Platform Builder (_TGTCPU)
		{6DFD497A-6C0F-46F2-A9F8-B2A78FC7B4EA}.EM9280 ARMV4I Release|Platform Builder (_TGTCPU).Deploy.0 = Release|Platform Builder (_TGTCPU)
		{6DFD497A-6C0F-46F2-A9F8-B2A78FC7B4EA}.Release|Platform Builder (_TGTCPU).ActiveCfg = Release|Platform Builder (_TGTCPU)
		{6DFD497A-6C0F-46F2-A9F8-B2A78FC7B4EA}.Release|Platform Builder (_TGTCPU).Deploy.0 = Release|Platform Builder (_TGTCPU)
		{52D9A086-F071-4BDD-B2F3-B23CFA1D5ADF}.Debug|Platform Builder (_TGTCPU).ActiveCfg = Debug|Platform Builder (_TGTCPU)
		{52D9A086-F071-4BDD-B2F3-B23CFA1D5ADF}.Debug|Platform Builder (_TGTCPU).Deploy.0 = Debug|Platform Builder (_TGTCPU)
		{52D9A086-F071-4BDD-B2F3-B23CFA1D5ADF}.EM9280 ARMV4I Debug|Platform Builder (_TGTCPU).ActiveCfg = Debug|Platform Builder (_TGTCPU)
		{52D9A086-F071-4BDD-B2F3-B23CFA1D5ADF}.EM9280 ARMV4I Debug|Platform Builder (_TGTCPU).Deploy.0 = Debug|Platform Builder (_TGTCPU)
		{52D9A086-F071-4BDD-B2F3-B23CFA1D5ADF}.EM9280 ARMV4I Release|Platform Builder (_TGTCPU).ActiveCfg = Release|Platform Builder (_TGTCPU)
		{52D9A086-F071-4BDD-B2F3-B23CFA1D5ADF}.EM9280 ARMV4I Release|Platform Builder (_TGTCPU).Deploy.0 = Release|Platform Builder (_TGTCPU)
		{52D9A086-F071-4BDD-B2F3-B23CFA1D5ADF}.Release|Platform Builder (_TGTCPU).ActiveCfg = Release|Platform Builder (_TGTCPU)
		{52D9A086-F071-4BDD-B2F3-B23CFA1D5ADF}.Release|Platform Builder (_TGTCPU).Deploy.0 = Release|Platform Builder (_TGTCPU)
		{78823E67-0660-4161-B4A8-5F14BA7DF239}.Debug|Platform Builder (_TGTCPU).ActiveCfg = Debug|Platform Builder (_TGTCPU)
		{78823E67-0660-4161-B4A8-5F14BA7DF239}.Debug|Platform Builder (_TGTCPU).Deploy.0 = Debug|Platform Builder (_TGTCPU)
		{78823E67-0660-4161-B4A8-5F14BA7DF239}.EM9280 ARMV4I Debug|Platform Builder (_TGTCPU).ActiveCfg = Debug|Platform Builder (_TGTCPU)
		{78823E67-0660-4161-B4A8-5F14BA7DF239}.EM9280 ARMV4I Debug|Platform Builder (_TGTCPU).Deploy.0 = Debug|Platform Builder (_TGTCPU)
		{78823E67-0660-4161-B4A8-5F14BA7DF239}.EM9280 ARMV4I Release|Platform Builder (_TGTCPU).ActiveCfg = Release|Platform Builder (_TGTCPU)
		{78823E67-0660-4161-B4A8-5F14BA7DF239}.EM9280 ARMV4I Release|Platform Builder (_TGTCPU).Deploy.0 = Release|Platform Builder (_TGTCPU)
		{78823E67-0660-4161-B4A8-5F14BA7DF239}.Release|Platform Builder (_TGTCPU).ActiveCfg = Release|Platform Builder (_TGTCPU)
		{78823E67-0660-4161-B4A8-5F14BA7DF239}.Release|Platform Builder (_TGTCPU).Deploy.0 = Release|Platform Builder (_TGTCPU)
		{95459DDB-0A6D-4BE9-9514-3E33756BD09C}.Debug|Platform Builder (_TGTCPU).ActiveCfg = Debug|Platform Builder (_TGTCPU)
		{95459DDB-0A6D-4BE9-9514-3E33756BD09C}.Debug|Platform Builder (_TGTCPU).Deploy.0 = Debug|Platform Builder (_TGTCPU)
		{95459DDB-0A6D-4BE9-9514-3E33756BD09C}.EM9280 ARMV4I Debug|Platform Builder (_TGTCPU).ActiveCfg = Debug|Platform Builder (_TGTCPU)
		{95459DDB-0A6D-4BE9-9514-3E33756BD09C}.EM9280 ARMV4I Debug|Platform Builder (_TGTCPU).Deploy.0 = Debug|Platform Builder (_TGTCPU)
		{95459DDB-0A6D-4BE9-9514-3E33756BD09C}.EM9280 ARMV4I Release|Platform Builder (_TGTCPU).ActiveCfg = Release|Platform Builder (_TGTCPU)
		{95459DDB-0A6D-4BE9-9514-3E33756BD09C}.EM9280 ARMV4I Release|Platform Builder (_TGTCPU).Deploy.0 = Release|Platform Builder (_TGTCPU)
		{95459DDB-0A6D-4BE9-9514-3E33756BD09C}.Release|Platform Builder (_TGTCPU).ActiveCfg = Release|Platform Builder (_TGTCPU)
		{95459DDB-0A6D-4BE9-9514-3E33756BD09C}.Release|Platform Builder (_TGTCPU).Deploy.0 = Release|Platform Builder (_TGTCPU)
		{DA3944B8-128B-48FF-B7E7-75763A2260C6}.Debug|Platform Builder (_TGTCPU).ActiveCfg = Debug|Platform Builder (_TGTCPU)
		{DA3944B8-128B-48FF-B7E7-75763A2260C6}.Debug|Platform Builder (_TGTCPU).Deploy.0 = Debug|Platform Builder (_TGTCPU)
		{DA3944B8-128B-48FF-B7E7-75763A2260C6}.EM9280 ARMV4I Debug|Platform Builder (_TGTCPU).ActiveCfg = Debug|Platform Builder (_TGTCPU)
		{DA3944B8-128B-48FF-B7E7-75763A2260C6}.EM9280 ARMV4I Debug|Platform Builder (_TGTCPU).Deploy.0 = Debug|Platform Builder (_TGTCPU)
		{DA3944B8-128B-48FF-B7E7-75763A2260C6}.EM9280 ARMV4I Release|Platform Builder (_TGTCPU).ActiveCfg = Release|Platform Builder (_TGTCPU)
		{DA3944B8-128B-48FF-B7E7-75763A2260C6}.EM9280 ARMV4I Release|Platform Builder (_TGTCPU).Deploy.0 = Release|Platform Builder (_TGTCPU)
		{DA3944B8-128B-48FF-B7E7-75763A2260C6}.Release|Platform Builder (_TGTCPU).ActiveCfg = Release|Platform Builder (_TGTCPU)
		{DA3944B8-128B-48FF-B7E7-75763A2260C6}.Release|Platform Builder (_TGTCPU).Deploy.0 = Release|Platform Builder (_TGTCPU)
		{4B047D6D-DD01-43B3-B1FE-CB0962CE7FED}.Debug|Platform Builder (_TGTCPU).ActiveCfg = Debug|Platform Builder (_TGTCPU)
		{4B047D6D-DD01-43B3-B1FE-CB0962CE7FED}.Debug|Platform Builder (_TGTCPU).Deploy.0 = Debug|Platform Builder (_TGTCPU)
		{4B047D6D-DD01-43B3-B1FE-CB0962CE7FED}.EM9280 ARMV4I Debug|Platform Builder (_TGTCPU).ActiveCfg = Debug|Platform Builder (_TGTCPU)
		{4B047D6D-DD01-43B3-B1FE-CB0962CE7FED}.EM9280 ARMV4I Debug|Platform Builder (_TGTCPU).Deploy.0 = Debug|Platform Builder (_TGTCPU)
		{4B047D6D-DD01-43B3-B1FE-CB0962CE7FED}.EM9280 ARMV4I Release|Platform Builder (_TGTCPU).ActiveCfg = Release|Platform Builder (_TGTCPU)
		{4B047D6D-DD01-43B3-B1FE-CB0962CE7FED}.EM9280 ARMV4I Release|Platform Builder (_TGTCPU).Deploy.0 = Release|Platform Builder (_TGTCPU)
		{4B047D6D-DD01-43B3-B1FE-CB0962CE7FED}.Release|Platform Builder (_TGTCPU).ActiveCfg = Release|Platform Builder (_TGTCPU)
		{4B047D6D-DD01-43B3-B1FE-CB0962CE7FED}.Release|Platform Builder (_TGTCPU).Deploy.0 = Release|Platform Builder (_TGTCPU)
	EndGlobalSection
	GlobalSection(SolutionProperties) = preSolution
		HideSolutionNode = FALSE
	EndGlobalSection
EndGlobal
